
Microsoft Visual Studio Solution File, Format Version 12.00
# Visual Studio Version 16
VisualStudioVersion = 16.0.810.17
MinimumVisualStudioVersion = 10.0.40219.1
Project("{FAE04EC0-301F-11D3-BF4B-00C04F79EFBC}") = "DELIVERABLE1.0", "DELIVERABLE1.0\DELIVERABLE1.0.csproj", "{7AFA89AD-ECA5-43EE-9898-29EFEB72834B}"
EndProject
Global
	GlobalSection(SolutionConfigurationPlatforms) = preSolution
		Debug|Any CPU = Debug|Any CPU
		Release|Any CPU = Release|Any CPU
	EndGlobalSection
	GlobalSection(ProjectConfigurationPlatforms) = postSolution
		{7AFA89AD-ECA5-43EE-9898-29EFEB72834B}.Debug|Any CPU.ActiveCfg = Debug|Any CPU
		{7AFA89AD-ECA5-43EE-9898-29EFEB72834B}.Debug|Any CPU.Build.0 = Debug|Any CPU
		{7AFA89AD-ECA5-43EE-9898-29EFEB72834B}.Release|Any CPU.ActiveCfg = Release|Any CPU
		{7AFA89AD-ECA5-43EE-9898-29EFEB72834B}.Release|Any CPU.Build.0 = Release|Any CPU
	EndGlobalSection
	GlobalSection(SolutionProperties) = preSolution
		HideSolutionNode = FALSE
	EndGlobalSection
	GlobalSection(ExtensibilityGlobals) = postSolution
		SolutionGuid = {189E69D6-E276-4DA9-AD14-ED6A6ADDCC39}
	EndGlobalSection
EndGlobal
